
Microsoft Visual Studio Solution File, Format Version 12.00
# Visual Studio 15
VisualStudioVersion = 15.0.28307.572
MinimumVisualStudioVersion = 10.0.40219.1
Project("{FAE04EC0-301F-11D3-BF4B-00C04F79EFBC}") = "elevator", "elevator\elevator.csproj", "{EB3109F1-2727-469D-B1E9-2A9D89FD9E43}"
EndProject
Global
	GlobalSection(SolutionConfigurationPlatforms) = preSolution
		Debug|Any CPU = Debug|Any CPU
		Release|Any CPU = Release|Any CPU
	EndGlobalSection
	GlobalSection(ProjectConfigurationPlatforms) = postSolution
		{EB3109F1-2727-469D-B1E9-2A9D89FD9E43}.Debug|Any CPU.ActiveCfg = Debug|Any CPU
		{EB3109F1-2727-469D-B1E9-2A9D89FD9E43}.Debug|Any CPU.Build.0 = Debug|Any CPU
		{EB3109F1-2727-469D-B1E9-2A9D89FD9E43}.Release|Any CPU.ActiveCfg = Release|Any CPU
		{EB3109F1-2727-469D-B1E9-2A9D89FD9E43}.Release|Any CPU.Build.0 = Release|Any CPU
	EndGlobalSection
	GlobalSection(SolutionProperties) = preSolution
		HideSolutionNode = FALSE
	EndGlobalSection
	GlobalSection(ExtensibilityGlobals) = postSolution
		SolutionGuid = {09B8BEB2-E296-490F-840B-C14DD5721FBD}
	EndGlobalSection
EndGlobal
